// !$*UTF8*$!
{
	archiveVersion = 1;
	classes = {
	};
	objectVersion = 70;
	objects = {

/* Begin PBXBuildFile section */
		823B2F8D2704686400E686BE /* Localizable.strings in Resources */ = {isa = PBXBuildFile; fileRef = 823B2F8F2704686400E686BE /* Localizable.strings */; };
		823B2F9327047A3500E686BE /* InfoPlist.strings in Resources */ = {isa = PBXBuildFile; fileRef = 823B2F9527047A3500E686BE /* InfoPlist.strings */; };
		82D41FB725D1C1FE00551D22 /* AppDelegate.swift in Sources */ = {isa = PBXBuildFile; fileRef = 82D41FB625D1C1FE00551D22 /* AppDelegate.swift */; };
		82D41FB925D1C1FE00551D22 /* SceneDelegate.swift in Sources */ = {isa = PBXBuildFile; fileRef = 82D41FB825D1C1FE00551D22 /* SceneDelegate.swift */; };
		82D41FBB25D1C1FE00551D22 /* ContentView.swift in Sources */ = {isa = PBXBuildFile; fileRef = 82D41FBA25D1C1FE00551D22 /* ContentView.swift */; };
		82D41FBD25D1C1FF00551D22 /* Assets.xcassets in Resources */ = {isa = PBXBuildFile; fileRef = 82D41FBC25D1C1FF00551D22 /* Assets.xcassets */; };
		82D41FC025D1C1FF00551D22 /* Preview Assets.xcassets in Resources */ = {isa = PBXBuildFile; fileRef = 82D41FBF25D1C1FF00551D22 /* Preview Assets.xcassets */; };
		82D41FC325D1C1FF00551D22 /* LaunchScreen.storyboard in Resources */ = {isa = PBXBuildFile; fileRef = 82D41FC125D1C1FF00551D22 /* LaunchScreen.storyboard */; };
		82EEBCED26C12E2500B1720A /* DialerTests.swift in Sources */ = {isa = PBXBuildFile; fileRef = 82EEBCEC26C12E2500B1720A /* DialerTests.swift */; };
		CB0A5293294616DE0023370C /* DialerUSSDCodeTests.swift in Sources */ = {isa = PBXBuildFile; fileRef = CB0A5292294616DE0023370C /* DialerUSSDCodeTests.swift */; };
		CB0F34F12D94412C00916865 /* DialerTO in Frameworks */ = {isa = PBXBuildFile; productRef = CB0F34F02D94412C00916865 /* DialerTO */; };
		CB10994E2A6165E000E99555 /* MerchantCodeExtractionTests.swift in Sources */ = {isa = PBXBuildFile; fileRef = CB10994D2A6165E000E99555 /* MerchantCodeExtractionTests.swift */; };
		CB1FE62229B7C515000F8444 /* PurchaseDetailModelTests.swift in Sources */ = {isa = PBXBuildFile; fileRef = CB1FE62129B7C515000F8444 /* PurchaseDetailModelTests.swift */; };
		CB26D6772EBE2E9A00188EC4 /* FirebaseAnalyticsWithoutAdIdSupport in Frameworks */ = {isa = PBXBuildFile; productRef = CB26D6762EBE2E9A00188EC4 /* FirebaseAnalyticsWithoutAdIdSupport */; };
		CB338CDE29AF6E8B00BEAD9A /* GoogleService-Info-DEV.plist in Resources */ = {isa = PBXBuildFile; fileRef = CB338CDD29AF6E8B00BEAD9A /* GoogleService-Info-DEV.plist */; };
		CB3B81E029ABC591001FAFF6 /* GoogleService-Info.plist in Resources */ = {isa = PBXBuildFile; fileRef = CB3B81DF29ABC591001FAFF6 /* GoogleService-Info.plist */; };
		CB3CC9822A05B3A20097B65F /* CamelToSnakeTests.swift in Sources */ = {isa = PBXBuildFile; fileRef = CB3CC9812A05B3A20097B65F /* CamelToSnakeTests.swift */; };
		CB544633289C5763009F3457 /* DialerUITests.swift in Sources */ = {isa = PBXBuildFile; fileRef = CB544632289C5763009F3457 /* DialerUITests.swift */; };
		CB544635289C5763009F3457 /* DialerUITestsLaunchTests.swift in Sources */ = {isa = PBXBuildFile; fileRef = CB544634289C5763009F3457 /* DialerUITestsLaunchTests.swift */; };
		CB582AF229ABEB3100FAD610 /* FirebaseFirestore in Frameworks */ = {isa = PBXBuildFile; productRef = CB582AF129ABEB3100FAD610 /* FirebaseFirestore */; };
		CB582AFA29ABEB3100FAD610 /* FirebaseMessaging in Frameworks */ = {isa = PBXBuildFile; productRef = CB582AF929ABEB3100FAD610 /* FirebaseMessaging */; };
		CB582AFC29ABEB3100FAD610 /* FirebaseRemoteConfig in Frameworks */ = {isa = PBXBuildFile; productRef = CB582AFB29ABEB3100FAD610 /* FirebaseRemoteConfig */; };
		CB667FFE2DA6AF67006F3470 /* StoreKit.framework in Frameworks */ = {isa = PBXBuildFile; fileRef = CB667FFD2DA6AF67006F3470 /* StoreKit.framework */; };
		CB6D4B3B2D94151C0065A76D /* TransactionModelTests.swift in Sources */ = {isa = PBXBuildFile; fileRef = CB6D4B3A2D94151C0065A76D /* TransactionModelTests.swift */; };
		CBE3D8AC290C168400DF5C09 /* DialerQuickCodeTests.swift in Sources */ = {isa = PBXBuildFile; fileRef = CBE3D8AB290C168400DF5C09 /* DialerQuickCodeTests.swift */; };
		CBE73C5E2A2C76BF00C7712B /* MockPreviewData.swift in Sources */ = {isa = PBXBuildFile; fileRef = CBE73C5D2A2C76BF00C7712B /* MockPreviewData.swift */; };
/* End PBXBuildFile section */

/* Begin PBXContainerItemProxy section */
		82EEBCEF26C12E2500B1720A /* PBXContainerItemProxy */ = {
			isa = PBXContainerItemProxy;
			containerPortal = 82D41FAB25D1C1FE00551D22 /* Project object */;
			proxyType = 1;
			remoteGlobalIDString = 82D41FB225D1C1FE00551D22;
			remoteInfo = Dialer;
		};
		CB544636289C5763009F3457 /* PBXContainerItemProxy */ = {
			isa = PBXContainerItemProxy;
			containerPortal = 82D41FAB25D1C1FE00551D22 /* Project object */;
			proxyType = 1;
			remoteGlobalIDString = 82D41FB225D1C1FE00551D22;
			remoteInfo = Dialer;
		};
/* End PBXContainerItemProxy section */

/* Begin PBXFileReference section */
		823B2F8E2704686400E686BE /* en */ = {isa = PBXFileReference; lastKnownFileType = text.plist.strings; name = en; path = en.lproj/Localizable.strings; sourceTree = "<group>"; };
		823B2F9427047A3500E686BE /* en */ = {isa = PBXFileReference; lastKnownFileType = text.plist.strings; name = en; path = en.lproj/InfoPlist.strings; sourceTree = "<group>"; };
		82550129263B3BDF00CB1BC2 /* Dialer.entitlements */ = {isa = PBXFileReference; lastKnownFileType = text.plist.entitlements; path = Dialer.entitlements; sourceTree = "<group>"; };
		82D41FB325D1C1FE00551D22 /* Dialer.app */ = {isa = PBXFileReference; explicitFileType = wrapper.application; includeInIndex = 0; path = Dialer.app; sourceTree = BUILT_PRODUCTS_DIR; };
		82D41FB625D1C1FE00551D22 /* AppDelegate.swift */ = {isa = PBXFileReference; lastKnownFileType = sourcecode.swift; path = AppDelegate.swift; sourceTree = "<group>"; };
		82D41FB825D1C1FE00551D22 /* SceneDelegate.swift */ = {isa = PBXFileReference; lastKnownFileType = sourcecode.swift; path = SceneDelegate.swift; sourceTree = "<group>"; };
		82D41FBA25D1C1FE00551D22 /* ContentView.swift */ = {isa = PBXFileReference; lastKnownFileType = sourcecode.swift; path = ContentView.swift; sourceTree = "<group>"; };
		82D41FBC25D1C1FF00551D22 /* Assets.xcassets */ = {isa = PBXFileReference; lastKnownFileType = folder.assetcatalog; path = Assets.xcassets; sourceTree = "<group>"; };
		82D41FBF25D1C1FF00551D22 /* Preview Assets.xcassets */ = {isa = PBXFileReference; lastKnownFileType = folder.assetcatalog; path = "Preview Assets.xcassets"; sourceTree = "<group>"; };
		82D41FC225D1C1FF00551D22 /* Base */ = {isa = PBXFileReference; lastKnownFileType = file.storyboard; name = Base; path = Base.lproj/LaunchScreen.storyboard; sourceTree = "<group>"; };
		82D41FC425D1C1FF00551D22 /* Info.plist */ = {isa = PBXFileReference; lastKnownFileType = text.plist.xml; path = Info.plist; sourceTree = "<group>"; };
		82EEBCEA26C12E2500B1720A /* DialerTests.xctest */ = {isa = PBXFileReference; explicitFileType = wrapper.cfbundle; includeInIndex = 0; path = DialerTests.xctest; sourceTree = BUILT_PRODUCTS_DIR; };
		82EEBCEC26C12E2500B1720A /* DialerTests.swift */ = {isa = PBXFileReference; lastKnownFileType = sourcecode.swift; path = DialerTests.swift; sourceTree = "<group>"; };
		82EEBCEE26C12E2500B1720A /* Info.plist */ = {isa = PBXFileReference; lastKnownFileType = text.plist.xml; path = Info.plist; sourceTree = "<group>"; };
		CB0A52902944EBA30023370C /* DialerDEV.xcconfig */ = {isa = PBXFileReference; lastKnownFileType = text.xcconfig; path = DialerDEV.xcconfig; sourceTree = "<group>"; };
		CB0A5292294616DE0023370C /* DialerUSSDCodeTests.swift */ = {isa = PBXFileReference; lastKnownFileType = sourcecode.swift; path = DialerUSSDCodeTests.swift; sourceTree = "<group>"; };
		CB10994D2A6165E000E99555 /* MerchantCodeExtractionTests.swift */ = {isa = PBXFileReference; lastKnownFileType = sourcecode.swift; path = MerchantCodeExtractionTests.swift; sourceTree = "<group>"; };
		CB1FE62129B7C515000F8444 /* PurchaseDetailModelTests.swift */ = {isa = PBXFileReference; lastKnownFileType = sourcecode.swift; path = PurchaseDetailModelTests.swift; sourceTree = "<group>"; };
		CB338CDD29AF6E8B00BEAD9A /* GoogleService-Info-DEV.plist */ = {isa = PBXFileReference; fileEncoding = 4; lastKnownFileType = text.plist.xml; path = "GoogleService-Info-DEV.plist"; sourceTree = "<group>"; };
		CB3B81DF29ABC591001FAFF6 /* GoogleService-Info.plist */ = {isa = PBXFileReference; fileEncoding = 4; lastKnownFileType = text.plist.xml; path = "GoogleService-Info.plist"; sourceTree = "<group>"; };
		CB3CC9812A05B3A20097B65F /* CamelToSnakeTests.swift */ = {isa = PBXFileReference; lastKnownFileType = sourcecode.swift; path = CamelToSnakeTests.swift; sourceTree = "<group>"; };
		CB544630289C5763009F3457 /* DialerUITests.xctest */ = {isa = PBXFileReference; explicitFileType = wrapper.cfbundle; includeInIndex = 0; path = DialerUITests.xctest; sourceTree = BUILT_PRODUCTS_DIR; };
		CB544632289C5763009F3457 /* DialerUITests.swift */ = {isa = PBXFileReference; lastKnownFileType = sourcecode.swift; path = DialerUITests.swift; sourceTree = "<group>"; };
		CB544634289C5763009F3457 /* DialerUITestsLaunchTests.swift */ = {isa = PBXFileReference; lastKnownFileType = sourcecode.swift; path = DialerUITestsLaunchTests.swift; sourceTree = "<group>"; };
		CB667FFD2DA6AF67006F3470 /* StoreKit.framework */ = {isa = PBXFileReference; lastKnownFileType = wrapper.framework; name = StoreKit.framework; path = System/Library/Frameworks/StoreKit.framework; sourceTree = SDKROOT; };
		CB6D4B3A2D94151C0065A76D /* TransactionModelTests.swift */ = {isa = PBXFileReference; lastKnownFileType = sourcecode.swift; path = TransactionModelTests.swift; sourceTree = "<group>"; };
		CBE3D8AB290C168400DF5C09 /* DialerQuickCodeTests.swift */ = {isa = PBXFileReference; lastKnownFileType = sourcecode.swift; path = DialerQuickCodeTests.swift; sourceTree = "<group>"; };
		CBE73C5D2A2C76BF00C7712B /* MockPreviewData.swift */ = {isa = PBXFileReference; lastKnownFileType = sourcecode.swift; path = MockPreviewData.swift; sourceTree = "<group>"; };
/* End PBXFileReference section */

/* Begin PBXFileSystemSynchronizedBuildFileExceptionSet section */
		CBA498962E8D7FDF0002E2D1 /* PBXFileSystemSynchronizedBuildFileExceptionSet */ = {
			isa = PBXFileSystemSynchronizedBuildFileExceptionSet;
			membershipExceptions = (
				MySpace/Model/CustomUSSDCode.swift,
			);
			target = 82EEBCE926C12E2500B1720A /* DialerTests */;
		};
/* End PBXFileSystemSynchronizedBuildFileExceptionSet section */

/* Begin PBXFileSystemSynchronizedRootGroup section */
		CBA497EC2E8D6B6D0002E2D1 /* Features */ = {isa = PBXFileSystemSynchronizedRootGroup; exceptions = (CBA498962E8D7FDF0002E2D1 /* PBXFileSystemSynchronizedBuildFileExceptionSet */, ); explicitFileTypes = {}; explicitFolders = (); path = Features; sourceTree = "<group>"; };
		CBA498852E8D7E830002E2D1 /* Extensions */ = {isa = PBXFileSystemSynchronizedRootGroup; explicitFileTypes = {}; explicitFolders = (); path = Extensions; sourceTree = "<group>"; };
		CBA4988D2E8D7E910002E2D1 /* Shortcuts */ = {isa = PBXFileSystemSynchronizedRootGroup; explicitFileTypes = {}; explicitFolders = (); path = Shortcuts; sourceTree = "<group>"; };
		CBA4996B2E8D848F0002E2D1 /* Shared */ = {isa = PBXFileSystemSynchronizedRootGroup; explicitFileTypes = {}; explicitFolders = (); path = Shared; sourceTree = "<group>"; };
/* End PBXFileSystemSynchronizedRootGroup section */

/* Begin PBXFrameworksBuildPhase section */
		82D41FB025D1C1FE00551D22 /* Frameworks */ = {
			isa = PBXFrameworksBuildPhase;
			buildActionMask = 2147483647;
			files = (
				CB667FFE2DA6AF67006F3470 /* StoreKit.framework in Frameworks */,
				CB26D6772EBE2E9A00188EC4 /* FirebaseAnalyticsWithoutAdIdSupport in Frameworks */,
				CB582AFC29ABEB3100FAD610 /* FirebaseRemoteConfig in Frameworks */,
				CB582AFA29ABEB3100FAD610 /* FirebaseMessaging in Frameworks */,
				CB582AF229ABEB3100FAD610 /* FirebaseFirestore in Frameworks */,
				CB0F34F12D94412C00916865 /* DialerTO in Frameworks */,
			);
			runOnlyForDeploymentPostprocessing = 0;
		};
		82EEBCE726C12E2500B1720A /* Frameworks */ = {
			isa = PBXFrameworksBuildPhase;
			buildActionMask = 2147483647;
			files = (
			);
			runOnlyForDeploymentPostprocessing = 0;
		};
		CB54462D289C5763009F3457 /* Frameworks */ = {
			isa = PBXFrameworksBuildPhase;
			buildActionMask = 2147483647;
			files = (
			);
			runOnlyForDeploymentPostprocessing = 0;
		};
/* End PBXFrameworksBuildPhase section */

/* Begin PBXGroup section */
		82D41FAA25D1C1FE00551D22 = {
			isa = PBXGroup;
			children = (
				82D41FB525D1C1FE00551D22 /* Dialer */,
				82EEBCEB26C12E2500B1720A /* DialerTests */,
				CB544631289C5763009F3457 /* DialerUITests */,
				CB6D4B9B2D941FF60065A76D /* Frameworks */,
				82D41FB425D1C1FE00551D22 /* Products */,
			);
			sourceTree = "<group>";
		};
		82D41FB425D1C1FE00551D22 /* Products */ = {
			isa = PBXGroup;
			children = (
				82D41FB325D1C1FE00551D22 /* Dialer.app */,
				82EEBCEA26C12E2500B1720A /* DialerTests.xctest */,
				CB544630289C5763009F3457 /* DialerUITests.xctest */,
			);
			name = Products;
			sourceTree = "<group>";
		};
		82D41FB525D1C1FE00551D22 /* Dialer */ = {
			isa = PBXGroup;
			children = (
				82550129263B3BDF00CB1BC2 /* Dialer.entitlements */,
				82D41FB625D1C1FE00551D22 /* AppDelegate.swift */,
				82D41FBA25D1C1FE00551D22 /* ContentView.swift */,
				82D41FB825D1C1FE00551D22 /* SceneDelegate.swift */,
				CBA4996B2E8D848F0002E2D1 /* Shared */,
				CBA497EC2E8D6B6D0002E2D1 /* Features */,
				CB0A52902944EBA30023370C /* DialerDEV.xcconfig */,
				CBA9BB06294C960800D95C82 /* Resources */,
				CBA498852E8D7E830002E2D1 /* Extensions */,
				CBA4988D2E8D7E910002E2D1 /* Shortcuts */,
				82D41FBC25D1C1FF00551D22 /* Assets.xcassets */,
				82D41FC125D1C1FF00551D22 /* LaunchScreen.storyboard */,
				82D41FC425D1C1FF00551D22 /* Info.plist */,
				82D41FBE25D1C1FF00551D22 /* Preview Content */,
				823B2F8F2704686400E686BE /* Localizable.strings */,
				823B2F9527047A3500E686BE /* InfoPlist.strings */,
			);
			path = Dialer;
			sourceTree = "<group>";
		};
		82D41FBE25D1C1FF00551D22 /* Preview Content */ = {
			isa = PBXGroup;
			children = (
				82D41FBF25D1C1FF00551D22 /* Preview Assets.xcassets */,
			);
			path = "Preview Content";
			sourceTree = "<group>";
		};
		82EEBCEB26C12E2500B1720A /* DialerTests */ = {
			isa = PBXGroup;
			children = (
				82EEBCEC26C12E2500B1720A /* DialerTests.swift */,
				CBE3D8A8290C165A00DF5C09 /* Test Cases */,
				82EEBCEE26C12E2500B1720A /* Info.plist */,
			);
			path = DialerTests;
			sourceTree = "<group>";
		};
		CB1FE61E29B7C4ED000F8444 /* ModelTests */ = {
			isa = PBXGroup;
			children = (
				CB0A5292294616DE0023370C /* DialerUSSDCodeTests.swift */,
				CB1FE62129B7C515000F8444 /* PurchaseDetailModelTests.swift */,
				CB3CC9812A05B3A20097B65F /* CamelToSnakeTests.swift */,
				CB6D4B3A2D94151C0065A76D /* TransactionModelTests.swift */,
				CB10994D2A6165E000E99555 /* MerchantCodeExtractionTests.swift */,
			);
			path = ModelTests;
			sourceTree = "<group>";
		};
		CB544631289C5763009F3457 /* DialerUITests */ = {
			isa = PBXGroup;
			children = (
				CB544632289C5763009F3457 /* DialerUITests.swift */,
				CB544634289C5763009F3457 /* DialerUITestsLaunchTests.swift */,
			);
			path = DialerUITests;
			sourceTree = "<group>";
		};
		CB6D4B9B2D941FF60065A76D /* Frameworks */ = {
			isa = PBXGroup;
			children = (
				CB667FFD2DA6AF67006F3470 /* StoreKit.framework */,
			);
			name = Frameworks;
			sourceTree = "<group>";
		};
		CBA9BB06294C960800D95C82 /* Resources */ = {
			isa = PBXGroup;
			children = (
				CBE73C5D2A2C76BF00C7712B /* MockPreviewData.swift */,
				CB3B81DF29ABC591001FAFF6 /* GoogleService-Info.plist */,
				CB338CDD29AF6E8B00BEAD9A /* GoogleService-Info-DEV.plist */,
			);
			path = Resources;
			sourceTree = "<group>";
		};
		CBE3D8A8290C165A00DF5C09 /* Test Cases */ = {
			isa = PBXGroup;
			children = (
				CBE3D8AB290C168400DF5C09 /* DialerQuickCodeTests.swift */,
				CB1FE61E29B7C4ED000F8444 /* ModelTests */,
			);
			path = "Test Cases";
			sourceTree = "<group>";
		};
/* End PBXGroup section */

/* Begin PBXNativeTarget section */
		82D41FB225D1C1FE00551D22 /* Dialer */ = {
			isa = PBXNativeTarget;
			buildConfigurationList = 82D41FC725D1C1FF00551D22 /* Build configuration list for PBXNativeTarget "Dialer" */;
			buildPhases = (
				82D41FAF25D1C1FE00551D22 /* Sources */,
				82D41FB025D1C1FE00551D22 /* Frameworks */,
				82D41FB125D1C1FE00551D22 /* Resources */,
			);
			buildRules = (
			);
			dependencies = (
			);
			fileSystemSynchronizedGroups = (
				CBA497EC2E8D6B6D0002E2D1 /* Features */,
				CBA498852E8D7E830002E2D1 /* Extensions */,
				CBA4988D2E8D7E910002E2D1 /* Shortcuts */,
				CBA4996B2E8D848F0002E2D1 /* Shared */,
			);
			name = Dialer;
			packageProductDependencies = (
				CB582AF129ABEB3100FAD610 /* FirebaseFirestore */,
				CB582AF929ABEB3100FAD610 /* FirebaseMessaging */,
				CB582AFB29ABEB3100FAD610 /* FirebaseRemoteConfig */,
				CB0F34F02D94412C00916865 /* DialerTO */,
				CB26D6762EBE2E9A00188EC4 /* FirebaseAnalyticsWithoutAdIdSupport */,
			);
			productName = Dialer;
			productReference = 82D41FB325D1C1FE00551D22 /* Dialer.app */;
			productType = "com.apple.product-type.application";
		};
		82EEBCE926C12E2500B1720A /* DialerTests */ = {
			isa = PBXNativeTarget;
			buildConfigurationList = 82EEBCF126C12E2500B1720A /* Build configuration list for PBXNativeTarget "DialerTests" */;
			buildPhases = (
				82EEBCE626C12E2500B1720A /* Sources */,
				82EEBCE726C12E2500B1720A /* Frameworks */,
				82EEBCE826C12E2500B1720A /* Resources */,
			);
			buildRules = (
			);
			dependencies = (
				82EEBCF026C12E2500B1720A /* PBXTargetDependency */,
			);
			name = DialerTests;
			productName = DialerTests;
			productReference = 82EEBCEA26C12E2500B1720A /* DialerTests.xctest */;
			productType = "com.apple.product-type.bundle.unit-test";
		};
		CB54462F289C5763009F3457 /* DialerUITests */ = {
			isa = PBXNativeTarget;
			buildConfigurationList = CB54463A289C5763009F3457 /* Build configuration list for PBXNativeTarget "DialerUITests" */;
			buildPhases = (
				CB54462C289C5763009F3457 /* Sources */,
				CB54462D289C5763009F3457 /* Frameworks */,
				CB54462E289C5763009F3457 /* Resources */,
			);
			buildRules = (
			);
			dependencies = (
				CB544637289C5763009F3457 /* PBXTargetDependency */,
			);
			name = DialerUITests;
			productName = DialerUITests;
			productReference = CB544630289C5763009F3457 /* DialerUITests.xctest */;
			productType = "com.apple.product-type.bundle.ui-testing";
		};
/* End PBXNativeTarget section */

/* Begin PBXProject section */
		82D41FAB25D1C1FE00551D22 /* Project object */ = {
			isa = PBXProject;
			attributes = {
				BuildIndependentTargetsInParallel = YES;
				CLASSPREFIX = CB;
				LastSwiftUpdateCheck = 1340;
				LastUpgradeCheck = 2600;
				ORGANIZATIONNAME = "Cédric Bahirwe";
				TargetAttributes = {
					82D41FB225D1C1FE00551D22 = {
						CreatedOnToolsVersion = 12.3;
					};
					82EEBCE926C12E2500B1720A = {
						CreatedOnToolsVersion = 12.5.1;
						TestTargetID = 82D41FB225D1C1FE00551D22;
					};
					CB54462F289C5763009F3457 = {
						CreatedOnToolsVersion = 13.4.1;
						TestTargetID = 82D41FB225D1C1FE00551D22;
					};
				};
			};
			buildConfigurationList = 82D41FAE25D1C1FE00551D22 /* Build configuration list for PBXProject "Dialer" */;
			compatibilityVersion = "Xcode 9.3";
			developmentRegion = en;
			hasScannedForEncodings = 0;
			knownRegions = (
				en,
				Base,
			);
			mainGroup = 82D41FAA25D1C1FE00551D22;
			packageReferences = (
				CB582AEA29ABEB3100FAD610 /* XCRemoteSwiftPackageReference "firebase-ios-sdk" */,
				CB0F34EF2D94412C00916865 /* XCRemoteSwiftPackageReference "DialerTO" */,
			);
			productRefGroup = 82D41FB425D1C1FE00551D22 /* Products */;
			projectDirPath = "";
			projectRoot = "";
			targets = (
				82D41FB225D1C1FE00551D22 /* Dialer */,
				82EEBCE926C12E2500B1720A /* DialerTests */,
				CB54462F289C5763009F3457 /* DialerUITests */,
			);
		};
/* End PBXProject section */

/* Begin PBXResourcesBuildPhase section */
		82D41FB125D1C1FE00551D22 /* Resources */ = {
			isa = PBXResourcesBuildPhase;
			buildActionMask = 2147483647;
			files = (
				CB338CDE29AF6E8B00BEAD9A /* GoogleService-Info-DEV.plist in Resources */,
				82D41FC325D1C1FF00551D22 /* LaunchScreen.storyboard in Resources */,
				823B2F8D2704686400E686BE /* Localizable.strings in Resources */,
				82D41FC025D1C1FF00551D22 /* Preview Assets.xcassets in Resources */,
				82D41FBD25D1C1FF00551D22 /* Assets.xcassets in Resources */,
				823B2F9327047A3500E686BE /* InfoPlist.strings in Resources */,
				CB3B81E029ABC591001FAFF6 /* GoogleService-Info.plist in Resources */,
			);
			runOnlyForDeploymentPostprocessing = 0;
		};
		82EEBCE826C12E2500B1720A /* Resources */ = {
			isa = PBXResourcesBuildPhase;
			buildActionMask = 2147483647;
			files = (
			);
			runOnlyForDeploymentPostprocessing = 0;
		};
		CB54462E289C5763009F3457 /* Resources */ = {
			isa = PBXResourcesBuildPhase;
			buildActionMask = 2147483647;
			files = (
			);
			runOnlyForDeploymentPostprocessing = 0;
		};
/* End PBXResourcesBuildPhase section */

/* Begin PBXSourcesBuildPhase section */
		82D41FAF25D1C1FE00551D22 /* Sources */ = {
			isa = PBXSourcesBuildPhase;
			buildActionMask = 2147483647;
			files = (
				82D41FB725D1C1FE00551D22 /* AppDelegate.swift in Sources */,
				CBE73C5E2A2C76BF00C7712B /* MockPreviewData.swift in Sources */,
				82D41FB925D1C1FE00551D22 /* SceneDelegate.swift in Sources */,
				82D41FBB25D1C1FE00551D22 /* ContentView.swift in Sources */,
			);
			runOnlyForDeploymentPostprocessing = 0;
		};
		82EEBCE626C12E2500B1720A /* Sources */ = {
			isa = PBXSourcesBuildPhase;
			buildActionMask = 2147483647;
			files = (
				CB6D4B3B2D94151C0065A76D /* TransactionModelTests.swift in Sources */,
				CBE3D8AC290C168400DF5C09 /* DialerQuickCodeTests.swift in Sources */,
				82EEBCED26C12E2500B1720A /* DialerTests.swift in Sources */,
				CB1FE62229B7C515000F8444 /* PurchaseDetailModelTests.swift in Sources */,
				CB3CC9822A05B3A20097B65F /* CamelToSnakeTests.swift in Sources */,
				CB0A5293294616DE0023370C /* DialerUSSDCodeTests.swift in Sources */,
				CB10994E2A6165E000E99555 /* MerchantCodeExtractionTests.swift in Sources */,
			);
			runOnlyForDeploymentPostprocessing = 0;
		};
		CB54462C289C5763009F3457 /* Sources */ = {
			isa = PBXSourcesBuildPhase;
			buildActionMask = 2147483647;
			files = (
				CB544633289C5763009F3457 /* DialerUITests.swift in Sources */,
				CB544635289C5763009F3457 /* DialerUITestsLaunchTests.swift in Sources */,
			);
			runOnlyForDeploymentPostprocessing = 0;
		};
/* End PBXSourcesBuildPhase section */

/* Begin PBXTargetDependency section */
		82EEBCF026C12E2500B1720A /* PBXTargetDependency */ = {
			isa = PBXTargetDependency;
			target = 82D41FB225D1C1FE00551D22 /* Dialer */;
			targetProxy = 82EEBCEF26C12E2500B1720A /* PBXContainerItemProxy */;
		};
		CB544637289C5763009F3457 /* PBXTargetDependency */ = {
			isa = PBXTargetDependency;
			target = 82D41FB225D1C1FE00551D22 /* Dialer */;
			targetProxy = CB544636289C5763009F3457 /* PBXContainerItemProxy */;
		};
/* End PBXTargetDependency section */

/* Begin PBXVariantGroup section */
		823B2F8F2704686400E686BE /* Localizable.strings */ = {
			isa = PBXVariantGroup;
			children = (
				823B2F8E2704686400E686BE /* en */,
			);
			name = Localizable.strings;
			sourceTree = "<group>";
		};
		823B2F9527047A3500E686BE /* InfoPlist.strings */ = {
			isa = PBXVariantGroup;
			children = (
				823B2F9427047A3500E686BE /* en */,
			);
			name = InfoPlist.strings;
			sourceTree = "<group>";
		};
		82D41FC125D1C1FF00551D22 /* LaunchScreen.storyboard */ = {
			isa = PBXVariantGroup;
			children = (
				82D41FC225D1C1FF00551D22 /* Base */,
			);
			name = LaunchScreen.storyboard;
			sourceTree = "<group>";
		};
/* End PBXVariantGroup section */

/* Begin XCBuildConfiguration section */
		82D41FC525D1C1FF00551D22 /* Debug */ = {
			isa = XCBuildConfiguration;
			buildSettings = {
				ALWAYS_SEARCH_USER_PATHS = NO;
				ASSETCATALOG_COMPILER_GENERATE_SWIFT_ASSET_SYMBOL_EXTENSIONS = YES;
				CLANG_ANALYZER_LOCALIZABILITY_NONLOCALIZED = YES;
				CLANG_ANALYZER_NONNULL = YES;
				CLANG_ANALYZER_NUMBER_OBJECT_CONVERSION = YES_AGGRESSIVE;
				CLANG_CXX_LANGUAGE_STANDARD = "gnu++14";
				CLANG_CXX_LIBRARY = "libc++";
				CLANG_ENABLE_MODULES = YES;
				CLANG_ENABLE_OBJC_ARC = YES;
				CLANG_ENABLE_OBJC_WEAK = YES;
				CLANG_WARN_BLOCK_CAPTURE_AUTORELEASING = YES;
				CLANG_WARN_BOOL_CONVERSION = YES;
				CLANG_WARN_COMMA = YES;
				CLANG_WARN_CONSTANT_CONVERSION = YES;
				CLANG_WARN_DEPRECATED_OBJC_IMPLEMENTATIONS = YES;
				CLANG_WARN_DIRECT_OBJC_ISA_USAGE = YES_ERROR;
				CLANG_WARN_DOCUMENTATION_COMMENTS = YES;
				CLANG_WARN_EMPTY_BODY = YES;
				CLANG_WARN_ENUM_CONVERSION = YES;
				CLANG_WARN_INFINITE_RECURSION = YES;
				CLANG_WARN_INT_CONVERSION = YES;
				CLANG_WARN_NON_LITERAL_NULL_CONVERSION = YES;
				CLANG_WARN_OBJC_IMPLICIT_RETAIN_SELF = YES;
				CLANG_WARN_OBJC_LITERAL_CONVERSION = YES;
				CLANG_WARN_OBJC_ROOT_CLASS = YES_ERROR;
				CLANG_WARN_QUOTED_INCLUDE_IN_FRAMEWORK_HEADER = YES;
				CLANG_WARN_RANGE_LOOP_ANALYSIS = YES;
				CLANG_WARN_STRICT_PROTOTYPES = YES;
				CLANG_WARN_SUSPICIOUS_MOVE = YES;
				CLANG_WARN_UNGUARDED_AVAILABILITY = YES_AGGRESSIVE;
				CLANG_WARN_UNREACHABLE_CODE = YES;
				CLANG_WARN__DUPLICATE_METHOD_MATCH = YES;
				COPY_PHASE_STRIP = NO;
				DEBUG_INFORMATION_FORMAT = dwarf;
				DEVELOPMENT_TEAM = 6V9B6LUW22;
				ENABLE_STRICT_OBJC_MSGSEND = YES;
				ENABLE_TESTABILITY = YES;
				ENABLE_USER_SCRIPT_SANDBOXING = YES;
				GCC_C_LANGUAGE_STANDARD = gnu11;
				GCC_DYNAMIC_NO_PIC = NO;
				GCC_NO_COMMON_BLOCKS = YES;
				GCC_OPTIMIZATION_LEVEL = 0;
				GCC_PREPROCESSOR_DEFINITIONS = (
					"DEBUG=1",
					"$(inherited)",
				);
				GCC_WARN_64_TO_32_BIT_CONVERSION = YES;
				GCC_WARN_ABOUT_RETURN_TYPE = YES_ERROR;
				GCC_WARN_UNDECLARED_SELECTOR = YES;
				GCC_WARN_UNINITIALIZED_AUTOS = YES_AGGRESSIVE;
				GCC_WARN_UNUSED_FUNCTION = YES;
				GCC_WARN_UNUSED_VARIABLE = YES;
				INFOPLIST_KEY_CFBundleDisplayName = "";
				IPHONEOS_DEPLOYMENT_TARGET = 16.0;
				MTL_ENABLE_DEBUG_INFO = INCLUDE_SOURCE;
				MTL_FAST_MATH = YES;
				ONLY_ACTIVE_ARCH = YES;
				PRODUCT_BUNDLE_IDENTIFIER = "";
				SDKROOT = iphoneos;
				STRING_CATALOG_GENERATE_SYMBOLS = YES;
				SWIFT_ACTIVE_COMPILATION_CONDITIONS = DEBUG;
				SWIFT_OPTIMIZATION_LEVEL = "-Onone";
				SWIFT_VERSION = "";
			};
			name = Debug;
		};
		82D41FC625D1C1FF00551D22 /* Release */ = {
			isa = XCBuildConfiguration;
			buildSettings = {
				ALWAYS_SEARCH_USER_PATHS = NO;
				ASSETCATALOG_COMPILER_GENERATE_SWIFT_ASSET_SYMBOL_EXTENSIONS = YES;
				CLANG_ANALYZER_LOCALIZABILITY_NONLOCALIZED = YES;
				CLANG_ANALYZER_NONNULL = YES;
				CLANG_ANALYZER_NUMBER_OBJECT_CONVERSION = YES_AGGRESSIVE;
				CLANG_CXX_LANGUAGE_STANDARD = "gnu++14";
				CLANG_CXX_LIBRARY = "libc++";
				CLANG_ENABLE_MODULES = YES;
				CLANG_ENABLE_OBJC_ARC = YES;
				CLANG_ENABLE_OBJC_WEAK = YES;
				CLANG_WARN_BLOCK_CAPTURE_AUTORELEASING = YES;
				CLANG_WARN_BOOL_CONVERSION = YES;
				CLANG_WARN_COMMA = YES;
				CLANG_WARN_CONSTANT_CONVERSION = YES;
				CLANG_WARN_DEPRECATED_OBJC_IMPLEMENTATIONS = YES;
				CLANG_WARN_DIRECT_OBJC_ISA_USAGE = YES_ERROR;
				CLANG_WARN_DOCUMENTATION_COMMENTS = YES;
				CLANG_WARN_EMPTY_BODY = YES;
				CLANG_WARN_ENUM_CONVERSION = YES;
				CLANG_WARN_INFINITE_RECURSION = YES;
				CLANG_WARN_INT_CONVERSION = YES;
				CLANG_WARN_NON_LITERAL_NULL_CONVERSION = YES;
				CLANG_WARN_OBJC_IMPLICIT_RETAIN_SELF = YES;
				CLANG_WARN_OBJC_LITERAL_CONVERSION = YES;
				CLANG_WARN_OBJC_ROOT_CLASS = YES_ERROR;
				CLANG_WARN_QUOTED_INCLUDE_IN_FRAMEWORK_HEADER = YES;
				CLANG_WARN_RANGE_LOOP_ANALYSIS = YES;
				CLANG_WARN_STRICT_PROTOTYPES = YES;
				CLANG_WARN_SUSPICIOUS_MOVE = YES;
				CLANG_WARN_UNGUARDED_AVAILABILITY = YES_AGGRESSIVE;
				CLANG_WARN_UNREACHABLE_CODE = YES;
				CLANG_WARN__DUPLICATE_METHOD_MATCH = YES;
				COPY_PHASE_STRIP = NO;
				DEBUG_INFORMATION_FORMAT = "dwarf-with-dsym";
				DEVELOPMENT_TEAM = 6V9B6LUW22;
				ENABLE_NS_ASSERTIONS = NO;
				ENABLE_STRICT_OBJC_MSGSEND = YES;
				ENABLE_USER_SCRIPT_SANDBOXING = YES;
				GCC_C_LANGUAGE_STANDARD = gnu11;
				GCC_NO_COMMON_BLOCKS = YES;
				GCC_WARN_64_TO_32_BIT_CONVERSION = YES;
				GCC_WARN_ABOUT_RETURN_TYPE = YES_ERROR;
				GCC_WARN_UNDECLARED_SELECTOR = YES;
				GCC_WARN_UNINITIALIZED_AUTOS = YES_AGGRESSIVE;
				GCC_WARN_UNUSED_FUNCTION = YES;
				GCC_WARN_UNUSED_VARIABLE = YES;
				IPHONEOS_DEPLOYMENT_TARGET = 16.0;
				MTL_ENABLE_DEBUG_INFO = NO;
				MTL_FAST_MATH = YES;
				PRODUCT_BUNDLE_IDENTIFIER = "";
				SDKROOT = iphoneos;
				STRING_CATALOG_GENERATE_SYMBOLS = YES;
				SWIFT_COMPILATION_MODE = wholemodule;
				SWIFT_OPTIMIZATION_LEVEL = "-O";
				SWIFT_VERSION = "";
				VALIDATE_PRODUCT = YES;
			};
			name = Release;
		};
		82D41FC825D1C1FF00551D22 /* Debug */ = {
			isa = XCBuildConfiguration;
			buildSettings = {
				ASSETCATALOG_COMPILER_APPICON_NAME = AppIcon;
				ASSETCATALOG_COMPILER_GLOBAL_ACCENT_COLOR_NAME = AccentColor;
				CODE_SIGN_ENTITLEMENTS = Dialer/Dialer.entitlements;
				CODE_SIGN_IDENTITY = "Apple Development";
				CODE_SIGN_STYLE = Automatic;
				CURRENT_PROJECT_VERSION = 1;
				DEVELOPMENT_ASSET_PATHS = "\"Dialer/Preview Content\"";
				DIALER_FIREBASE_FILE_NAME = "GoogleService-Info";
				ENABLE_DEBUG_DYLIB = YES;
				ENABLE_PREVIEWS = YES;
				INFOPLIST_FILE = Dialer/Info.plist;
				INFOPLIST_KEY_LSApplicationCategoryType = "public.app-category.productivity";
				IPHONEOS_DEPLOYMENT_TARGET = 16.0;
				LD_RUNPATH_SEARCH_PATHS = (
					"$(inherited)",
					"@executable_path/Frameworks",
				);
				MARKETING_VERSION = 12.3.0;
				OTHER_LDFLAGS = "";
				PRODUCT_BUNDLE_IDENTIFIER = com.abc.incs.cedricbahirwe.Dialit;
				PRODUCT_NAME = "$(TARGET_NAME)";
				PROVISIONING_PROFILE_SPECIFIER = "";
				SUPPORTED_PLATFORMS = "iphoneos iphonesimulator";
				SUPPORTS_MACCATALYST = NO;
				SUPPORTS_MAC_DESIGNED_FOR_IPHONE_IPAD = NO;
				SUPPORTS_XR_DESIGNED_FOR_IPHONE_IPAD = NO;
				SWIFT_VERSION = 5.0;
				TARGETED_DEVICE_FAMILY = 1;
			};
			name = Debug;
		};
		82D41FC925D1C1FF00551D22 /* Release */ = {
			isa = XCBuildConfiguration;
			buildSettings = {
				ASSETCATALOG_COMPILER_APPICON_NAME = AppIcon;
				ASSETCATALOG_COMPILER_GLOBAL_ACCENT_COLOR_NAME = AccentColor;
				CODE_SIGN_ENTITLEMENTS = Dialer/Dialer.entitlements;
				CODE_SIGN_IDENTITY = "Apple Development";
				CODE_SIGN_STYLE = Automatic;
				CURRENT_PROJECT_VERSION = 1;
				DEVELOPMENT_ASSET_PATHS = "\"Dialer/Preview Content\"";
				DIALER_FIREBASE_FILE_NAME = "GoogleService-Info";
				ENABLE_DEBUG_DYLIB = YES;
				ENABLE_PREVIEWS = YES;
				INFOPLIST_FILE = Dialer/Info.plist;
				INFOPLIST_KEY_LSApplicationCategoryType = "public.app-category.productivity";
				IPHONEOS_DEPLOYMENT_TARGET = 16.0;
				LD_RUNPATH_SEARCH_PATHS = (
					"$(inherited)",
					"@executable_path/Frameworks",
				);
				MARKETING_VERSION = 12.3.0;
				OTHER_LDFLAGS = "";
				PRODUCT_BUNDLE_IDENTIFIER = com.abc.incs.cedricbahirwe.Dialit;
				PRODUCT_NAME = "$(TARGET_NAME)";
				PROVISIONING_PROFILE_SPECIFIER = "";
				SUPPORTED_PLATFORMS = "iphoneos iphonesimulator";
				SUPPORTS_MACCATALYST = NO;
				SUPPORTS_MAC_DESIGNED_FOR_IPHONE_IPAD = NO;
				SUPPORTS_XR_DESIGNED_FOR_IPHONE_IPAD = NO;
				SWIFT_VERSION = 5.0;
				TARGETED_DEVICE_FAMILY = 1;
			};
			name = Release;
		};
		82EEBCF226C12E2500B1720A /* Debug */ = {
			isa = XCBuildConfiguration;
			buildSettings = {
				BUNDLE_LOADER = "$(TEST_HOST)";
				CODE_SIGN_STYLE = Automatic;
				INFOPLIST_FILE = DialerTests/Info.plist;
				IPHONEOS_DEPLOYMENT_TARGET = 16.1;
				LD_RUNPATH_SEARCH_PATHS = (
					"$(inherited)",
					"@executable_path/Frameworks",
					"@loader_path/Frameworks",
				);
				PRODUCT_BUNDLE_IDENTIFIER = com.abc.incs.cedricbahirwe.DialitTests;
				PRODUCT_NAME = "$(TARGET_NAME)";
				SUPPORTED_PLATFORMS = "iphoneos iphonesimulator";
				SUPPORTS_MACCATALYST = NO;
				SUPPORTS_MAC_DESIGNED_FOR_IPHONE_IPAD = NO;
				SUPPORTS_XR_DESIGNED_FOR_IPHONE_IPAD = NO;
				SWIFT_VERSION = 5.0;
				TARGETED_DEVICE_FAMILY = 1;
				TEST_HOST = "$(BUILT_PRODUCTS_DIR)/Dialer.app/Dialer";
			};
			name = Debug;
		};
		82EEBCF326C12E2500B1720A /* Release */ = {
			isa = XCBuildConfiguration;
			buildSettings = {
				BUNDLE_LOADER = "$(TEST_HOST)";
				CODE_SIGN_STYLE = Automatic;
				INFOPLIST_FILE = DialerTests/Info.plist;
				IPHONEOS_DEPLOYMENT_TARGET = 16.1;
				LD_RUNPATH_SEARCH_PATHS = (
					"$(inherited)",
					"@executable_path/Frameworks",
					"@loader_path/Frameworks",
				);
				PRODUCT_BUNDLE_IDENTIFIER = com.abc.incs.cedricbahirwe.DialitTests;
				PRODUCT_NAME = "$(TARGET_NAME)";
				SUPPORTED_PLATFORMS = "iphoneos iphonesimulator";
				SUPPORTS_MACCATALYST = NO;
				SUPPORTS_MAC_DESIGNED_FOR_IPHONE_IPAD = NO;
				SUPPORTS_XR_DESIGNED_FOR_IPHONE_IPAD = NO;
				SWIFT_VERSION = 5.0;
				TARGETED_DEVICE_FAMILY = 1;
				TEST_HOST = "$(BUILT_PRODUCTS_DIR)/Dialer.app/Dialer";
			};
			name = Release;
		};
		CB0A52882944D2D00023370C /* DEV - Debug */ = {
			isa = XCBuildConfiguration;
			buildSettings = {
				ALWAYS_SEARCH_USER_PATHS = NO;
				ASSETCATALOG_COMPILER_GENERATE_SWIFT_ASSET_SYMBOL_EXTENSIONS = YES;
				CLANG_ANALYZER_LOCALIZABILITY_NONLOCALIZED = YES;
				CLANG_ANALYZER_NONNULL = YES;
				CLANG_ANALYZER_NUMBER_OBJECT_CONVERSION = YES_AGGRESSIVE;
				CLANG_CXX_LANGUAGE_STANDARD = "gnu++14";
				CLANG_CXX_LIBRARY = "libc++";
				CLANG_ENABLE_MODULES = YES;
				CLANG_ENABLE_OBJC_ARC = YES;
				CLANG_ENABLE_OBJC_WEAK = YES;
				CLANG_WARN_BLOCK_CAPTURE_AUTORELEASING = YES;
				CLANG_WARN_BOOL_CONVERSION = YES;
				CLANG_WARN_COMMA = YES;
				CLANG_WARN_CONSTANT_CONVERSION = YES;
				CLANG_WARN_DEPRECATED_OBJC_IMPLEMENTATIONS = YES;
				CLANG_WARN_DIRECT_OBJC_ISA_USAGE = YES_ERROR;
				CLANG_WARN_DOCUMENTATION_COMMENTS = YES;
				CLANG_WARN_EMPTY_BODY = YES;
				CLANG_WARN_ENUM_CONVERSION = YES;
				CLANG_WARN_INFINITE_RECURSION = YES;
				CLANG_WARN_INT_CONVERSION = YES;
				CLANG_WARN_NON_LITERAL_NULL_CONVERSION = YES;
				CLANG_WARN_OBJC_IMPLICIT_RETAIN_SELF = YES;
				CLANG_WARN_OBJC_LITERAL_CONVERSION = YES;
				CLANG_WARN_OBJC_ROOT_CLASS = YES_ERROR;
				CLANG_WARN_QUOTED_INCLUDE_IN_FRAMEWORK_HEADER = YES;
				CLANG_WARN_RANGE_LOOP_ANALYSIS = YES;
				CLANG_WARN_STRICT_PROTOTYPES = YES;
				CLANG_WARN_SUSPICIOUS_MOVE = YES;
				CLANG_WARN_UNGUARDED_AVAILABILITY = YES_AGGRESSIVE;
				CLANG_WARN_UNREACHABLE_CODE = YES;
				CLANG_WARN__DUPLICATE_METHOD_MATCH = YES;
				COPY_PHASE_STRIP = NO;
				DEBUG_INFORMATION_FORMAT = dwarf;
				DEVELOPMENT_TEAM = 6V9B6LUW22;
				ENABLE_STRICT_OBJC_MSGSEND = YES;
				ENABLE_TESTABILITY = YES;
				ENABLE_USER_SCRIPT_SANDBOXING = YES;
				GCC_C_LANGUAGE_STANDARD = gnu11;
				GCC_DYNAMIC_NO_PIC = NO;
				GCC_NO_COMMON_BLOCKS = YES;
				GCC_OPTIMIZATION_LEVEL = 0;
				GCC_PREPROCESSOR_DEFINITIONS = (
					"DEBUG=1",
					"$(inherited)",
				);
				GCC_WARN_64_TO_32_BIT_CONVERSION = YES;
				GCC_WARN_ABOUT_RETURN_TYPE = YES_ERROR;
				GCC_WARN_UNDECLARED_SELECTOR = YES;
				GCC_WARN_UNINITIALIZED_AUTOS = YES_AGGRESSIVE;
				GCC_WARN_UNUSED_FUNCTION = YES;
				GCC_WARN_UNUSED_VARIABLE = YES;
				INFOPLIST_KEY_CFBundleDisplayName = "$(DIALER_APP_NAME)";
				IPHONEOS_DEPLOYMENT_TARGET = 16.0;
				MTL_ENABLE_DEBUG_INFO = INCLUDE_SOURCE;
				MTL_FAST_MATH = YES;
				ONLY_ACTIVE_ARCH = YES;
				OTHER_SWIFT_FLAGS = "-DDEV";
				PRODUCT_BUNDLE_IDENTIFIER = com.abc.incs.cedricbahirwe.Dialit.dev;
				SDKROOT = iphoneos;
				STRING_CATALOG_GENERATE_SYMBOLS = YES;
				SWIFT_ACTIVE_COMPILATION_CONDITIONS = DEBUG;
				SWIFT_OPTIMIZATION_LEVEL = "-Onone";
				SWIFT_VERSION = "";
			};
			name = "DEV - Debug";
		};
		CB0A52892944D2D00023370C /* DEV - Debug */ = {
			isa = XCBuildConfiguration;
			baseConfigurationReference = CB0A52902944EBA30023370C /* DialerDEV.xcconfig */;
			buildSettings = {
				ASSETCATALOG_COMPILER_APPICON_NAME = AppIcon;
				ASSETCATALOG_COMPILER_GLOBAL_ACCENT_COLOR_NAME = AccentColor;
				CODE_SIGN_ENTITLEMENTS = Dialer/Dialer.entitlements;
				CODE_SIGN_IDENTITY = "Apple Development";
				CODE_SIGN_STYLE = Automatic;
				CURRENT_PROJECT_VERSION = 1;
				DEVELOPMENT_ASSET_PATHS = "\"Dialer/Preview Content\"";
				ENABLE_DEBUG_DYLIB = YES;
				ENABLE_PREVIEWS = YES;
				INFOPLIST_FILE = Dialer/Info.plist;
				INFOPLIST_KEY_LSApplicationCategoryType = "public.app-category.productivity";
				IPHONEOS_DEPLOYMENT_TARGET = 16.0;
				LD_RUNPATH_SEARCH_PATHS = (
					"$(inherited)",
					"@executable_path/Frameworks",
				);
				MARKETING_VERSION = 12.3.0;
				OTHER_LDFLAGS = (
					"-Xlinker",
					"-no_warn_duplicate_libraries",
				);
				PRODUCT_BUNDLE_IDENTIFIER = com.abc.incs.cedricbahirwe.Dialit.dev;
				PRODUCT_NAME = "$(TARGET_NAME)";
				PROVISIONING_PROFILE_SPECIFIER = "";
				SUPPORTED_PLATFORMS = "iphoneos iphonesimulator";
				SUPPORTS_MACCATALYST = NO;
				SUPPORTS_MAC_DESIGNED_FOR_IPHONE_IPAD = NO;
				SUPPORTS_XR_DESIGNED_FOR_IPHONE_IPAD = NO;
				SWIFT_VERSION = 5.0;
				TARGETED_DEVICE_FAMILY = 1;
			};
			name = "DEV - Debug";
		};
		CB0A528A2944D2D00023370C /* DEV - Debug */ = {
			isa = XCBuildConfiguration;
			buildSettings = {
				BUNDLE_LOADER = "$(TEST_HOST)";
				CODE_SIGN_STYLE = Automatic;
				INFOPLIST_FILE = DialerTests/Info.plist;
				IPHONEOS_DEPLOYMENT_TARGET = 16.1;
				LD_RUNPATH_SEARCH_PATHS = (
					"$(inherited)",
					"@executable_path/Frameworks",
					"@loader_path/Frameworks",
				);
				PRODUCT_BUNDLE_IDENTIFIER = com.abc.incs.cedricbahirwe.DialitTests;
				PRODUCT_NAME = "$(TARGET_NAME)";
				SUPPORTED_PLATFORMS = "iphoneos iphonesimulator";
				SUPPORTS_MACCATALYST = NO;
				SUPPORTS_MAC_DESIGNED_FOR_IPHONE_IPAD = NO;
				SUPPORTS_XR_DESIGNED_FOR_IPHONE_IPAD = NO;
				SWIFT_VERSION = 5.0;
				TARGETED_DEVICE_FAMILY = 1;
				TEST_HOST = "$(BUILT_PRODUCTS_DIR)/Dialer.app/Dialer";
			};
			name = "DEV - Debug";
		};
		CB0A528B2944D2D00023370C /* DEV - Debug */ = {
			isa = XCBuildConfiguration;
			buildSettings = {
				CLANG_CXX_LANGUAGE_STANDARD = "gnu++17";
				CODE_SIGN_STYLE = Automatic;
				CURRENT_PROJECT_VERSION = 1;
				GENERATE_INFOPLIST_FILE = YES;
				IPHONEOS_DEPLOYMENT_TARGET = 16.1;
				MARKETING_VERSION = 1.0;
				PRODUCT_BUNDLE_IDENTIFIER = com.abc.incs.cedricbahirwe.DialerUITests;
				PRODUCT_NAME = "$(TARGET_NAME)";
				SUPPORTED_PLATFORMS = "iphoneos iphonesimulator";
				SUPPORTS_MACCATALYST = NO;
				SUPPORTS_MAC_DESIGNED_FOR_IPHONE_IPAD = NO;
				SUPPORTS_XR_DESIGNED_FOR_IPHONE_IPAD = NO;
				SWIFT_EMIT_LOC_STRINGS = NO;
				SWIFT_VERSION = 5.0;
				TARGETED_DEVICE_FAMILY = 1;
				TEST_TARGET_NAME = Dialer;
			};
			name = "DEV - Debug";
		};
		CB0A528C2944D3180023370C /* DEV - Release */ = {
			isa = XCBuildConfiguration;
			buildSettings = {
				ALWAYS_SEARCH_USER_PATHS = NO;
				ASSETCATALOG_COMPILER_GENERATE_SWIFT_ASSET_SYMBOL_EXTENSIONS = YES;
				CLANG_ANALYZER_LOCALIZABILITY_NONLOCALIZED = YES;
				CLANG_ANALYZER_NONNULL = YES;
				CLANG_ANALYZER_NUMBER_OBJECT_CONVERSION = YES_AGGRESSIVE;
				CLANG_CXX_LANGUAGE_STANDARD = "gnu++14";
				CLANG_CXX_LIBRARY = "libc++";
				CLANG_ENABLE_MODULES = YES;
				CLANG_ENABLE_OBJC_ARC = YES;
				CLANG_ENABLE_OBJC_WEAK = YES;
				CLANG_WARN_BLOCK_CAPTURE_AUTORELEASING = YES;
				CLANG_WARN_BOOL_CONVERSION = YES;
				CLANG_WARN_COMMA = YES;
				CLANG_WARN_CONSTANT_CONVERSION = YES;
				CLANG_WARN_DEPRECATED_OBJC_IMPLEMENTATIONS = YES;
				CLANG_WARN_DIRECT_OBJC_ISA_USAGE = YES_ERROR;
				CLANG_WARN_DOCUMENTATION_COMMENTS = YES;
				CLANG_WARN_EMPTY_BODY = YES;
				CLANG_WARN_ENUM_CONVERSION = YES;
				CLANG_WARN_INFINITE_RECURSION = YES;
				CLANG_WARN_INT_CONVERSION = YES;
				CLANG_WARN_NON_LITERAL_NULL_CONVERSION = YES;
				CLANG_WARN_OBJC_IMPLICIT_RETAIN_SELF = YES;
				CLANG_WARN_OBJC_LITERAL_CONVERSION = YES;
				CLANG_WARN_OBJC_ROOT_CLASS = YES_ERROR;
				CLANG_WARN_QUOTED_INCLUDE_IN_FRAMEWORK_HEADER = YES;
				CLANG_WARN_RANGE_LOOP_ANALYSIS = YES;
				CLANG_WARN_STRICT_PROTOTYPES = YES;
				CLANG_WARN_SUSPICIOUS_MOVE = YES;
				CLANG_WARN_UNGUARDED_AVAILABILITY = YES_AGGRESSIVE;
				CLANG_WARN_UNREACHABLE_CODE = YES;
				CLANG_WARN__DUPLICATE_METHOD_MATCH = YES;
				COPY_PHASE_STRIP = NO;
				DEBUG_INFORMATION_FORMAT = "dwarf-with-dsym";
				DEVELOPMENT_TEAM = 6V9B6LUW22;
				ENABLE_NS_ASSERTIONS = NO;
				ENABLE_STRICT_OBJC_MSGSEND = YES;
				ENABLE_USER_SCRIPT_SANDBOXING = YES;
				GCC_C_LANGUAGE_STANDARD = gnu11;
				GCC_NO_COMMON_BLOCKS = YES;
				GCC_WARN_64_TO_32_BIT_CONVERSION = YES;
				GCC_WARN_ABOUT_RETURN_TYPE = YES_ERROR;
				GCC_WARN_UNDECLARED_SELECTOR = YES;
				GCC_WARN_UNINITIALIZED_AUTOS = YES_AGGRESSIVE;
				GCC_WARN_UNUSED_FUNCTION = YES;
				GCC_WARN_UNUSED_VARIABLE = YES;
				INFOPLIST_KEY_CFBundleDisplayName = "";
				IPHONEOS_DEPLOYMENT_TARGET = 16.0;
				MTL_ENABLE_DEBUG_INFO = NO;
				MTL_FAST_MATH = YES;
				OTHER_SWIFT_FLAGS = "-DDEV";
				PRODUCT_BUNDLE_IDENTIFIER = com.abc.incs.cedricbahirwe.Dialit.dev;
				SDKROOT = iphoneos;
				STRING_CATALOG_GENERATE_SYMBOLS = YES;
				SWIFT_COMPILATION_MODE = wholemodule;
				SWIFT_OPTIMIZATION_LEVEL = "-O";
				SWIFT_VERSION = "";
				VALIDATE_PRODUCT = YES;
			};
			name = "DEV - Release";
		};
		CB0A528D2944D3180023370C /* DEV - Release */ = {
			isa = XCBuildConfiguration;
			baseConfigurationReference = CB0A52902944EBA30023370C /* DialerDEV.xcconfig */;
			buildSettings = {
				ASSETCATALOG_COMPILER_APPICON_NAME = AppIcon;
				ASSETCATALOG_COMPILER_GLOBAL_ACCENT_COLOR_NAME = AccentColor;
				CODE_SIGN_ENTITLEMENTS = Dialer/Dialer.entitlements;
				CODE_SIGN_IDENTITY = "Apple Development";
				CODE_SIGN_STYLE = Automatic;
				CURRENT_PROJECT_VERSION = 1;
				DEVELOPMENT_ASSET_PATHS = "\"Dialer/Preview Content\"";
				ENABLE_DEBUG_DYLIB = YES;
				ENABLE_PREVIEWS = YES;
				INFOPLIST_FILE = Dialer/Info.plist;
				INFOPLIST_KEY_LSApplicationCategoryType = "public.app-category.productivity";
				IPHONEOS_DEPLOYMENT_TARGET = 16.0;
				LD_RUNPATH_SEARCH_PATHS = (
					"$(inherited)",
					"@executable_path/Frameworks",
				);
				MARKETING_VERSION = 12.3.0;
				OTHER_LDFLAGS = "";
				PRODUCT_BUNDLE_IDENTIFIER = com.abc.incs.cedricbahirwe.Dialit.dev;
				PRODUCT_NAME = "$(TARGET_NAME)";
				PROVISIONING_PROFILE_SPECIFIER = "";
				SUPPORTED_PLATFORMS = "iphoneos iphonesimulator";
				SUPPORTS_MACCATALYST = NO;
				SUPPORTS_MAC_DESIGNED_FOR_IPHONE_IPAD = NO;
				SUPPORTS_XR_DESIGNED_FOR_IPHONE_IPAD = NO;
				SWIFT_VERSION = 5.0;
				TARGETED_DEVICE_FAMILY = 1;
			};
			name = "DEV - Release";
		};
		CB0A528E2944D3180023370C /* DEV - Release */ = {
			isa = XCBuildConfiguration;
			buildSettings = {
				BUNDLE_LOADER = "$(TEST_HOST)";
				CODE_SIGN_STYLE = Automatic;
				INFOPLIST_FILE = DialerTests/Info.plist;
				IPHONEOS_DEPLOYMENT_TARGET = 16.1;
				LD_RUNPATH_SEARCH_PATHS = (
					"$(inherited)",
					"@executable_path/Frameworks",
					"@loader_path/Frameworks",
				);
				PRODUCT_BUNDLE_IDENTIFIER = com.abc.incs.cedricbahirwe.DialitTests;
				PRODUCT_NAME = "$(TARGET_NAME)";
				SUPPORTED_PLATFORMS = "iphoneos iphonesimulator";
				SUPPORTS_MACCATALYST = NO;
				SUPPORTS_MAC_DESIGNED_FOR_IPHONE_IPAD = NO;
				SUPPORTS_XR_DESIGNED_FOR_IPHONE_IPAD = NO;
				SWIFT_VERSION = 5.0;
				TARGETED_DEVICE_FAMILY = 1;
				TEST_HOST = "$(BUILT_PRODUCTS_DIR)/Dialer.app/Dialer";
			};
			name = "DEV - Release";
		};
		CB0A528F2944D3180023370C /* DEV - Release */ = {
			isa = XCBuildConfiguration;
			buildSettings = {
				CLANG_CXX_LANGUAGE_STANDARD = "gnu++17";
				CODE_SIGN_STYLE = Automatic;
				CURRENT_PROJECT_VERSION = 1;
				GENERATE_INFOPLIST_FILE = YES;
				IPHONEOS_DEPLOYMENT_TARGET = 16.1;
				MARKETING_VERSION = 1.0;
				PRODUCT_BUNDLE_IDENTIFIER = com.abc.incs.cedricbahirwe.DialerUITests;
				PRODUCT_NAME = "$(TARGET_NAME)";
				SUPPORTED_PLATFORMS = "iphoneos iphonesimulator";
				SUPPORTS_MACCATALYST = NO;
				SUPPORTS_MAC_DESIGNED_FOR_IPHONE_IPAD = NO;
				SUPPORTS_XR_DESIGNED_FOR_IPHONE_IPAD = NO;
				SWIFT_EMIT_LOC_STRINGS = NO;
				SWIFT_VERSION = 5.0;
				TARGETED_DEVICE_FAMILY = 1;
				TEST_TARGET_NAME = Dialer;
			};
			name = "DEV - Release";
		};
		CB544638289C5763009F3457 /* Debug */ = {
			isa = XCBuildConfiguration;
			buildSettings = {
				CLANG_CXX_LANGUAGE_STANDARD = "gnu++17";
				CODE_SIGN_STYLE = Automatic;
				CURRENT_PROJECT_VERSION = 1;
				GENERATE_INFOPLIST_FILE = YES;
				IPHONEOS_DEPLOYMENT_TARGET = 16.1;
				MARKETING_VERSION = 1.0;
				PRODUCT_BUNDLE_IDENTIFIER = com.abc.incs.cedricbahirwe.DialerUITests;
				PRODUCT_NAME = "$(TARGET_NAME)";
				SUPPORTED_PLATFORMS = "iphoneos iphonesimulator";
				SUPPORTS_MACCATALYST = NO;
				SUPPORTS_MAC_DESIGNED_FOR_IPHONE_IPAD = NO;
				SUPPORTS_XR_DESIGNED_FOR_IPHONE_IPAD = NO;
				SWIFT_EMIT_LOC_STRINGS = NO;
				SWIFT_VERSION = 5.0;
				TARGETED_DEVICE_FAMILY = 1;
				TEST_TARGET_NAME = Dialer;
			};
			name = Debug;
		};
		CB544639289C5763009F3457 /* Release */ = {
			isa = XCBuildConfiguration;
			buildSettings = {
				CLANG_CXX_LANGUAGE_STANDARD = "gnu++17";
				CODE_SIGN_STYLE = Automatic;
				CURRENT_PROJECT_VERSION = 1;
				GENERATE_INFOPLIST_FILE = YES;
				IPHONEOS_DEPLOYMENT_TARGET = 16.1;
				MARKETING_VERSION = 1.0;
				PRODUCT_BUNDLE_IDENTIFIER = com.abc.incs.cedricbahirwe.DialerUITests;
				PRODUCT_NAME = "$(TARGET_NAME)";
				SUPPORTED_PLATFORMS = "iphoneos iphonesimulator";
				SUPPORTS_MACCATALYST = NO;
				SUPPORTS_MAC_DESIGNED_FOR_IPHONE_IPAD = NO;
				SUPPORTS_XR_DESIGNED_FOR_IPHONE_IPAD = NO;
				SWIFT_EMIT_LOC_STRINGS = NO;
				SWIFT_VERSION = 5.0;
				TARGETED_DEVICE_FAMILY = 1;
				TEST_TARGET_NAME = Dialer;
			};
			name = Release;
		};
/* End XCBuildConfiguration section */

/* Begin XCConfigurationList section */
		82D41FAE25D1C1FE00551D22 /* Build configuration list for PBXProject "Dialer" */ = {
			isa = XCConfigurationList;
			buildConfigurations = (
				82D41FC525D1C1FF00551D22 /* Debug */,
				CB0A52882944D2D00023370C /* DEV - Debug */,
				82D41FC625D1C1FF00551D22 /* Release */,
				CB0A528C2944D3180023370C /* DEV - Release */,
			);
			defaultConfigurationIsVisible = 0;
			defaultConfigurationName = Release;
		};
		82D41FC725D1C1FF00551D22 /* Build configuration list for PBXNativeTarget "Dialer" */ = {
			isa = XCConfigurationList;
			buildConfigurations = (
				82D41FC825D1C1FF00551D22 /* Debug */,
				CB0A52892944D2D00023370C /* DEV - Debug */,
				82D41FC925D1C1FF00551D22 /* Release */,
				CB0A528D2944D3180023370C /* DEV - Release */,
			);
			defaultConfigurationIsVisible = 0;
			defaultConfigurationName = Release;
		};
		82EEBCF126C12E2500B1720A /* Build configuration list for PBXNativeTarget "DialerTests" */ = {
			isa = XCConfigurationList;
			buildConfigurations = (
				82EEBCF226C12E2500B1720A /* Debug */,
				CB0A528A2944D2D00023370C /* DEV - Debug */,
				82EEBCF326C12E2500B1720A /* Release */,
				CB0A528E2944D3180023370C /* DEV - Release */,
			);
			defaultConfigurationIsVisible = 0;
			defaultConfigurationName = Release;
		};
		CB54463A289C5763009F3457 /* Build configuration list for PBXNativeTarget "DialerUITests" */ = {
			isa = XCConfigurationList;
			buildConfigurations = (
				CB544638289C5763009F3457 /* Debug */,
				CB0A528B2944D2D00023370C /* DEV - Debug */,
				CB544639289C5763009F3457 /* Release */,
				CB0A528F2944D3180023370C /* DEV - Release */,
			);
			defaultConfigurationIsVisible = 0;
			defaultConfigurationName = Release;
		};
/* End XCConfigurationList section */

/* Begin XCRemoteSwiftPackageReference section */
		CB0F34EF2D94412C00916865 /* XCRemoteSwiftPackageReference "DialerTO" */ = {
			isa = XCRemoteSwiftPackageReference;
			repositoryURL = "git@github.com:cedricbahirwe/DialerTO.git";
			requirement = {
				branch = master;
				kind = branch;
			};
		};
		CB582AEA29ABEB3100FAD610 /* XCRemoteSwiftPackageReference "firebase-ios-sdk" */ = {
			isa = XCRemoteSwiftPackageReference;
			repositoryURL = "https://github.com/firebase/firebase-ios-sdk.git";
			requirement = {
				kind = exactVersion;
				version = 11.10.0;
			};
		};
/* End XCRemoteSwiftPackageReference section */

/* Begin XCSwiftPackageProductDependency section */
		CB0F34F02D94412C00916865 /* DialerTO */ = {
			isa = XCSwiftPackageProductDependency;
			package = CB0F34EF2D94412C00916865 /* XCRemoteSwiftPackageReference "DialerTO" */;
			productName = DialerTO;
		};
		CB26D6762EBE2E9A00188EC4 /* FirebaseAnalyticsWithoutAdIdSupport */ = {
			isa = XCSwiftPackageProductDependency;
			package = CB582AEA29ABEB3100FAD610 /* XCRemoteSwiftPackageReference "firebase-ios-sdk" */;
			productName = FirebaseAnalyticsWithoutAdIdSupport;
		};
		CB582AF129ABEB3100FAD610 /* FirebaseFirestore */ = {
			isa = XCSwiftPackageProductDependency;
			package = CB582AEA29ABEB3100FAD610 /* XCRemoteSwiftPackageReference "firebase-ios-sdk" */;
			productName = FirebaseFirestore;
		};
		CB582AF929ABEB3100FAD610 /* FirebaseMessaging */ = {
			isa = XCSwiftPackageProductDependency;
			package = CB582AEA29ABEB3100FAD610 /* XCRemoteSwiftPackageReference "firebase-ios-sdk" */;
			productName = FirebaseMessaging;
		};
		CB582AFB29ABEB3100FAD610 /* FirebaseRemoteConfig */ = {
			isa = XCSwiftPackageProductDependency;
			package = CB582AEA29ABEB3100FAD610 /* XCRemoteSwiftPackageReference "firebase-ios-sdk" */;
			productName = FirebaseRemoteConfig;
		};
/* End XCSwiftPackageProductDependency section */
	};
	rootObject = 82D41FAB25D1C1FE00551D22 /* Project object */;
}
